
Microsoft Visual Studio Solution File, Format Version 12.00
# Visual Studio Version 16
VisualStudioVersion = 16.0.33214.272
MinimumVisualStudioVersion = 10.0.40219.1
Project("{9A19103F-16F7-4668-BE54-9A1E7A4F7556}") = "Linked lists", "Linked lists\Linked lists.csproj", "{6313456D-6A83-4EDD-A7CD-AC3F207706E9}"
EndProject
Project("{FAE04EC0-301F-11D3-BF4B-00C04F79EFBC}") = "Hash set", "Hash set\Hash set.csproj", "{C25B9159-20BD-47C7-AB41-AD365F13A68D}"
EndProject
Global
	GlobalSection(SolutionConfigurationPlatforms) = preSolution
		Debug|Any CPU = Debug|Any CPU
		Release|Any CPU = Release|Any CPU
	EndGlobalSection
	GlobalSection(ProjectConfigurationPlatforms) = postSolution
		{6313456D-6A83-4EDD-A7CD-AC3F207706E9}.Debug|Any CPU.ActiveCfg = Debug|Any CPU
		{6313456D-6A83-4EDD-A7CD-AC3F207706E9}.Debug|Any CPU.Build.0 = Debug|Any CPU
		{6313456D-6A83-4EDD-A7CD-AC3F207706E9}.Release|Any CPU.ActiveCfg = Release|Any CPU
		{6313456D-6A83-4EDD-A7CD-AC3F207706E9}.Release|Any CPU.Build.0 = Release|Any CPU
		{C25B9159-20BD-47C7-AB41-AD365F13A68D}.Debug|Any CPU.ActiveCfg = Debug|Any CPU
		{C25B9159-20BD-47C7-AB41-AD365F13A68D}.Debug|Any CPU.Build.0 = Debug|Any CPU
		{C25B9159-20BD-47C7-AB41-AD365F13A68D}.Release|Any CPU.ActiveCfg = Release|Any CPU
		{C25B9159-20BD-47C7-AB41-AD365F13A68D}.Release|Any CPU.Build.0 = Release|Any CPU
	EndGlobalSection
	GlobalSection(SolutionProperties) = preSolution
		HideSolutionNode = FALSE
	EndGlobalSection
	GlobalSection(ExtensibilityGlobals) = postSolution
		SolutionGuid = {5A26DBA4-DF68-433A-9651-4C2A7ACD37E2}
	EndGlobalSection
EndGlobal
