
Microsoft Visual Studio Solution File, Format Version 12.00
# Visual Studio Version 16
VisualStudioVersion = 16.0.33214.272
MinimumVisualStudioVersion = 10.0.40219.1
Project("{FAE04EC0-301F-11D3-BF4B-00C04F79EFBC}") = "List", "List\List.csproj", "{B14AA235-B347-48B2-9393-884D0B4DD94C}"
EndProject
Global
	GlobalSection(SolutionConfigurationPlatforms) = preSolution
		Debug|Any CPU = Debug|Any CPU
		Release|Any CPU = Release|Any CPU
	EndGlobalSection
	GlobalSection(ProjectConfigurationPlatforms) = postSolution
		{B14AA235-B347-48B2-9393-884D0B4DD94C}.Debug|Any CPU.ActiveCfg = Debug|Any CPU
		{B14AA235-B347-48B2-9393-884D0B4DD94C}.Debug|Any CPU.Build.0 = Debug|Any CPU
		{B14AA235-B347-48B2-9393-884D0B4DD94C}.Release|Any CPU.ActiveCfg = Release|Any CPU
		{B14AA235-B347-48B2-9393-884D0B4DD94C}.Release|Any CPU.Build.0 = Release|Any CPU
	EndGlobalSection
	GlobalSection(SolutionProperties) = preSolution
		HideSolutionNode = FALSE
	EndGlobalSection
	GlobalSection(ExtensibilityGlobals) = postSolution
		SolutionGuid = {0C058ED5-A70B-4B4F-96D3-78BFAB3A5B09}
	EndGlobalSection
EndGlobal
