
Microsoft Visual Studio Solution File, Format Version 12.00
# Visual Studio Version 16
VisualStudioVersion = 16.0.33214.272
MinimumVisualStudioVersion = 10.0.40219.1
Project("{FAE04EC0-301F-11D3-BF4B-00C04F79EFBC}") = "Dictionary", "Dictionary\Dictionary.csproj", "{FEA28BCE-76CC-4990-A9D1-F487125C8EDD}"
EndProject
Global
	GlobalSection(SolutionConfigurationPlatforms) = preSolution
		Debug|Any CPU = Debug|Any CPU
		Release|Any CPU = Release|Any CPU
	EndGlobalSection
	GlobalSection(ProjectConfigurationPlatforms) = postSolution
		{FEA28BCE-76CC-4990-A9D1-F487125C8EDD}.Debug|Any CPU.ActiveCfg = Debug|Any CPU
		{FEA28BCE-76CC-4990-A9D1-F487125C8EDD}.Debug|Any CPU.Build.0 = Debug|Any CPU
		{FEA28BCE-76CC-4990-A9D1-F487125C8EDD}.Release|Any CPU.ActiveCfg = Release|Any CPU
		{FEA28BCE-76CC-4990-A9D1-F487125C8EDD}.Release|Any CPU.Build.0 = Release|Any CPU
	EndGlobalSection
	GlobalSection(SolutionProperties) = preSolution
		HideSolutionNode = FALSE
	EndGlobalSection
	GlobalSection(ExtensibilityGlobals) = postSolution
		SolutionGuid = {68ADC401-1D43-4CEA-80B0-7E9C5B292E92}
	EndGlobalSection
EndGlobal
